
Microsoft Visual Studio Solution File, Format Version 12.00
# Visual Studio 15
VisualStudioVersion = 15.0.28010.2036
MinimumVisualStudioVersion = 10.0.40219.1
Project("{FAE04EC0-301F-11D3-BF4B-00C04F79EFBC}") = "Calculator", "Calculator\Calculator.csproj", "{C735FFCA-664B-4D96-93C6-355B47A0B35D}"
EndProject
Project("{FAE04EC0-301F-11D3-BF4B-00C04F79EFBC}") = "UnitTests", "UnitTests\UnitTests.csproj", "{5F248517-6315-4D57-B33A-BD6E191389E3}"
EndProject
Project("{FAE04EC0-301F-11D3-BF4B-00C04F79EFBC}") = "MyListLib", "MyListLib\MyListLib.csproj", "{2703C475-0EF8-4CB7-8629-E204F8A57B9F}"
EndProject
Global
	GlobalSection(SolutionConfigurationPlatforms) = preSolution
		Debug|Any CPU = Debug|Any CPU
		Release|Any CPU = Release|Any CPU
	EndGlobalSection
	GlobalSection(ProjectConfigurationPlatforms) = postSolution
		{C735FFCA-664B-4D96-93C6-355B47A0B35D}.Debug|Any CPU.ActiveCfg = Debug|Any CPU
		{C735FFCA-664B-4D96-93C6-355B47A0B35D}.Debug|Any CPU.Build.0 = Debug|Any CPU
		{C735FFCA-664B-4D96-93C6-355B47A0B35D}.Release|Any CPU.ActiveCfg = Release|Any CPU
		{C735FFCA-664B-4D96-93C6-355B47A0B35D}.Release|Any CPU.Build.0 = Release|Any CPU
		{5F248517-6315-4D57-B33A-BD6E191389E3}.Debug|Any CPU.ActiveCfg = Debug|Any CPU
		{5F248517-6315-4D57-B33A-BD6E191389E3}.Debug|Any CPU.Build.0 = Debug|Any CPU
		{5F248517-6315-4D57-B33A-BD6E191389E3}.Release|Any CPU.ActiveCfg = Release|Any CPU
		{5F248517-6315-4D57-B33A-BD6E191389E3}.Release|Any CPU.Build.0 = Release|Any CPU
		{2703C475-0EF8-4CB7-8629-E204F8A57B9F}.Debug|Any CPU.ActiveCfg = Debug|Any CPU
		{2703C475-0EF8-4CB7-8629-E204F8A57B9F}.Debug|Any CPU.Build.0 = Debug|Any CPU
		{2703C475-0EF8-4CB7-8629-E204F8A57B9F}.Release|Any CPU.ActiveCfg = Release|Any CPU
		{2703C475-0EF8-4CB7-8629-E204F8A57B9F}.Release|Any CPU.Build.0 = Release|Any CPU
	EndGlobalSection
	GlobalSection(SolutionProperties) = preSolution
		HideSolutionNode = FALSE
	EndGlobalSection
	GlobalSection(ExtensibilityGlobals) = postSolution
		SolutionGuid = {DC79520D-5561-4195-A9DC-308C7668F3EC}
	EndGlobalSection
EndGlobal
